
Microsoft Visual Studio Solution File, Format Version 12.00
# Visual Studio Version 16
VisualStudioVersion = 16.0.33423.256
MinimumVisualStudioVersion = 10.0.40219.1
Project("{FAE04EC0-301F-11D3-BF4B-00C04F79EFBC}") = "CloudflareProxyTrust", "CloudflareProxyTrust.csproj", "{0D74E16F-554A-4ADD-8C4B-EE2D2E521E07}"
EndProject
Global
	GlobalSection(SolutionConfigurationPlatforms) = preSolution
		Debug|Any CPU = Debug|Any CPU
		Release|Any CPU = Release|Any CPU
	EndGlobalSection
	GlobalSection(ProjectConfigurationPlatforms) = postSolution
		{0D74E16F-554A-4ADD-8C4B-EE2D2E521E07}.Debug|Any CPU.ActiveCfg = Debug|Any CPU
		{0D74E16F-554A-4ADD-8C4B-EE2D2E521E07}.Debug|Any CPU.Build.0 = Debug|Any CPU
		{0D74E16F-554A-4ADD-8C4B-EE2D2E521E07}.Release|Any CPU.ActiveCfg = Release|Any CPU
		{0D74E16F-554A-4ADD-8C4B-EE2D2E521E07}.Release|Any CPU.Build.0 = Release|Any CPU
	EndGlobalSection
	GlobalSection(SolutionProperties) = preSolution
		HideSolutionNode = FALSE
	EndGlobalSection
	GlobalSection(ExtensibilityGlobals) = postSolution
		SolutionGuid = {8695B9EA-7A61-4378-9FCF-6DEFD992A340}
	EndGlobalSection
EndGlobal
